<?xml version="1.0" encoding="utf-8"?>
<Project ToolsVersion="4.0" xmlns="http://schemas.microsoft.com/developer/msbuild/2003">
  <ItemGroup>
    <Filter Include="Source Files">
      <UniqueIdentifier>{4FC737F1-C7A5-4376-A066-2A32D752A2FF}</UniqueIdentifier>
      <Extensions>cpp;c;cc;cxx;c++;cppm;ixx;def;odl;idl;hpj;bat;asm;asmx</Extensions>
    </Filter>
    <Filter Include="Header Files">
      <UniqueIdentifier>{93995380-89BD-4b04-88EB-625FBE52EBFB}</UniqueIdentifier>
      <Extensions>h;hh;hpp;hxx;h++;hm;inl;inc;ipp;xsd</Extensions>
    </Filter>
    <Filter Include="Resource Files">
      <UniqueIdentifier>{67DA6AB6-F800-4c08-8B7A-83BB121AAD01}</UniqueIdentifier>
      <Extensions>rc;ico;cur;bmp;dlg;rc2;rct;bin;rgs;gif;jpg;jpeg;jpe;resx;tiff;tif;png;wav;mfcribbon-ms</Extensions>
    </Filter>
  </ItemGroup>
  <ItemGroup>
    <ClCompile Include="src\simG\core\imgaugmenter.cpp">
      <Filter>Source Files</Filter>
    </ClCompile>
    <ClCompile Include="src\simG\core\imggenerator.cpp">
      <Filter>Source Files</Filter>
    </ClCompile>
    <ClCompile Include="src\simG\core\transforms.cpp">
      <Filter>Source Files</Filter>
    </ClCompile>
    <ClCompile Include="src\simG\core\algorithms.cpp">
      <Filter>Source Files</Filter>
    </ClCompile>
    <ClCompile Include="external\clipper\clipper.cpp">
      <Filter>Source Files</Filter>
    </ClCompile>
    <ClCompile Include="src\cpputils\FileDirectory.cpp">
      <Filter>Source Files</Filter>
    </ClCompile>
    <ClCompile Include="src\cpputils\iniparser.cpp">
      <Filter>Source Files</Filter>
    </ClCompile>
    <ClCompile Include="src\simG\main.cpp">
      <Filter>Source Files</Filter>
    </ClCompile>
    <ClCompile Include="src\simG\utils\datasetviz.cpp">
      <Filter>Source Files</Filter>
    </ClCompile>
    <ClCompile Include="src\simG\utils\Directory.cpp">
      <Filter>Source Files</Filter>
    </ClCompile>
    <ClCompile Include="src\simG\utils\foregroundextractor.cpp">
      <Filter>Source Files</Filter>
    </ClCompile>
    <ClCompile Include="src\simG\utils\Polygon.cpp">
      <Filter>Source Files</Filter>
    </ClCompile>
    <ClCompile Include="src\simG\utils\Random.cpp">
      <Filter>Source Files</Filter>
    </ClCompile>
    <ClCompile Include="src\simG\utils\Timer.cpp">
      <Filter>Source Files</Filter>
    </ClCompile>
    <ClCompile Include="src\simG\annotator\AbstractAnnotator.cpp">
      <Filter>Source Files</Filter>
    </ClCompile>
    <ClCompile Include="src\simG\annotator\annotator.cpp">
      <Filter>Source Files</Filter>
    </ClCompile>
    <ClCompile Include="src\simG\annotator\COCOAnnotator.cpp">
      <Filter>Source Files</Filter>
    </ClCompile>
    <ClCompile Include="src\simG\annotator\PVOCAnnotator.cpp">
      <Filter>Source Files</Filter>
    </ClCompile>
    <ClCompile Include="src\simG\annotator\YOLOAnnotator.cpp">
      <Filter>Source Files</Filter>
    </ClCompile>
  </ItemGroup>
  <ItemGroup>
    <ClInclude Include="src\simG\core\imgaugmenter.h">
      <Filter>Header Files</Filter>
    </ClInclude>
    <ClInclude Include="src\simG\core\Exceptions.h">
      <Filter>Header Files</Filter>
    </ClInclude>
    <ClInclude Include="include\simg.h">
      <Filter>Header Files</Filter>
    </ClInclude>
    <ClInclude Include="src\simG\core\imggenerator.h">
      <Filter>Header Files</Filter>
    </ClInclude>
    <ClInclude Include="src\simG\core\transforms.h">
      <Filter>Header Files</Filter>
    </ClInclude>
    <ClInclude Include="src\simG\core\types.h">
      <Filter>Header Files</Filter>
    </ClInclude>
    <ClInclude Include="src\simG.h">
      <Filter>Header Files</Filter>
    </ClInclude>
    <ClInclude Include="src\simG\core\algorithms.h">
      <Filter>Header Files</Filter>
    </ClInclude>
    <ClInclude Include="src\simG\EXTERNAL_TEST.h">
      <Filter>Header Files</Filter>
    </ClInclude>
    <ClInclude Include="src\simG\core\coreutils.h">
      <Filter>Header Files</Filter>
    </ClInclude>
    <ClInclude Include="external\clipper\clipper.hpp">
      <Filter>Header Files</Filter>
    </ClInclude>
    <ClInclude Include="src\cpputils\optionsmap.h">
      <Filter>Header Files</Filter>
    </ClInclude>
    <ClInclude Include="src\cpputils\timer.h">
      <Filter>Header Files</Filter>
    </ClInclude>
    <ClInclude Include="src\cpputils\FileDirectory.h">
      <Filter>Header Files</Filter>
    </ClInclude>
    <ClInclude Include="src\cpputils\cpputils.h">
      <Filter>Header Files</Filter>
    </ClInclude>
    <ClInclude Include="src\cpputils\iniparser.h">
      <Filter>Header Files</Filter>
    </ClInclude>
    <ClInclude Include="src\cpputils\stringutils.h">
      <Filter>Header Files</Filter>
    </ClInclude>
    <ClInclude Include="src\cpputils\cdebug.h">
      <Filter>Header Files</Filter>
    </ClInclude>
    <ClInclude Include="src\cpputils\prettyprint.h">
      <Filter>Header Files</Filter>
    </ClInclude>
    <ClInclude Include="src\cpputils\typecheck.h">
      <Filter>Header Files</Filter>
    </ClInclude>
    <ClInclude Include="src\cpputils\magic_enum.h">
      <Filter>Header Files</Filter>
    </ClInclude>
    <ClInclude Include="src\cpputils\ECS.h">
      <Filter>Header Files</Filter>
    </ClInclude>
    <ClInclude Include="src\cpputils\utilmacros.h">
      <Filter>Header Files</Filter>
    </ClInclude>
    <ClInclude Include="src\simG\utils\datasetviz.h">
      <Filter>Header Files</Filter>
    </ClInclude>
    <ClInclude Include="src\simG\utils\Directory.h">
      <Filter>Header Files</Filter>
    </ClInclude>
    <ClInclude Include="src\simG\utils\foregroundextractor.h">
      <Filter>Header Files</Filter>
    </ClInclude>
    <ClInclude Include="src\simG\utils\helpers.h">
      <Filter>Header Files</Filter>
    </ClInclude>
    <ClInclude Include="src\simG\utils\Polygon.h">
      <Filter>Header Files</Filter>
    </ClInclude>
    <ClInclude Include="src\simG\utils\Random.h">
      <Filter>Header Files</Filter>
    </ClInclude>
    <ClInclude Include="src\simG\utils\Timer.h">
      <Filter>Header Files</Filter>
    </ClInclude>
    <ClInclude Include="src\simG\annotator\AbstractAnnotator.h">
      <Filter>Header Files</Filter>
    </ClInclude>
    <ClInclude Include="src\simG\annotator\annotator.h">
      <Filter>Header Files</Filter>
    </ClInclude>
    <ClInclude Include="src\simG\annotator\COCOAnnotator.h">
      <Filter>Header Files</Filter>
    </ClInclude>
    <ClInclude Include="src\simG\annotator\PVOCAnnotator.h">
      <Filter>Header Files</Filter>
    </ClInclude>
    <ClInclude Include="src\simG\annotator\YOLOAnnotator.h">
      <Filter>Header Files</Filter>
    </ClInclude>
    <ClInclude Include="external\rapidjson\error\en.h">
      <Filter>Header Files</Filter>
    </ClInclude>
    <ClInclude Include="external\rapidjson\error\error.h">
      <Filter>Header Files</Filter>
    </ClInclude>
    <ClInclude Include="external\rapidjson\internal\biginteger.h">
      <Filter>Header Files</Filter>
    </ClInclude>
    <ClInclude Include="external\rapidjson\internal\clzll.h">
      <Filter>Header Files</Filter>
    </ClInclude>
    <ClInclude Include="external\rapidjson\internal\diyfp.h">
      <Filter>Header Files</Filter>
    </ClInclude>
    <ClInclude Include="external\rapidjson\internal\dtoa.h">
      <Filter>Header Files</Filter>
    </ClInclude>
    <ClInclude Include="external\rapidjson\internal\ieee754.h">
      <Filter>Header Files</Filter>
    </ClInclude>
    <ClInclude Include="external\rapidjson\internal\itoa.h">
      <Filter>Header Files</Filter>
    </ClInclude>
    <ClInclude Include="external\rapidjson\internal\meta.h">
      <Filter>Header Files</Filter>
    </ClInclude>
    <ClInclude Include="external\rapidjson\internal\pow10.h">
      <Filter>Header Files</Filter>
    </ClInclude>
    <ClInclude Include="external\rapidjson\internal\regex.h">
      <Filter>Header Files</Filter>
    </ClInclude>
    <ClInclude Include="external\rapidjson\internal\stack.h">
      <Filter>Header Files</Filter>
    </ClInclude>
    <ClInclude Include="external\rapidjson\internal\strfunc.h">
      <Filter>Header Files</Filter>
    </ClInclude>
    <ClInclude Include="external\rapidjson\internal\strtod.h">
      <Filter>Header Files</Filter>
    </ClInclude>
    <ClInclude Include="external\rapidjson\internal\swap.h">
      <Filter>Header Files</Filter>
    </ClInclude>
    <ClInclude Include="external\rapidjson\msinttypes\inttypes.h">
      <Filter>Header Files</Filter>
    </ClInclude>
    <ClInclude Include="external\rapidjson\msinttypes\stdint.h">
      <Filter>Header Files</Filter>
    </ClInclude>
    <ClInclude Include="external\rapidjson\allocators.h">
      <Filter>Header Files</Filter>
    </ClInclude>
    <ClInclude Include="external\rapidjson\cursorstreamwrapper.h">
      <Filter>Header Files</Filter>
    </ClInclude>
    <ClInclude Include="external\rapidjson\document.h">
      <Filter>Header Files</Filter>
    </ClInclude>
    <ClInclude Include="external\rapidjson\encodedstream.h">
      <Filter>Header Files</Filter>
    </ClInclude>
    <ClInclude Include="external\rapidjson\encodings.h">
      <Filter>Header Files</Filter>
    </ClInclude>
    <ClInclude Include="external\rapidjson\filereadstream.h">
      <Filter>Header Files</Filter>
    </ClInclude>
    <ClInclude Include="external\rapidjson\filewritestream.h">
      <Filter>Header Files</Filter>
    </ClInclude>
    <ClInclude Include="external\rapidjson\fwd.h">
      <Filter>Header Files</Filter>
    </ClInclude>
    <ClInclude Include="external\rapidjson\istreamwrapper.h">
      <Filter>Header Files</Filter>
    </ClInclude>
    <ClInclude Include="external\rapidjson\memorybuffer.h">
      <Filter>Header Files</Filter>
    </ClInclude>
    <ClInclude Include="external\rapidjson\memorystream.h">
      <Filter>Header Files</Filter>
    </ClInclude>
    <ClInclude Include="external\rapidjson\ostreamwrapper.h">
      <Filter>Header Files</Filter>
    </ClInclude>
    <ClInclude Include="external\rapidjson\pointer.h">
      <Filter>Header Files</Filter>
    </ClInclude>
    <ClInclude Include="external\rapidjson\prettywriter.h">
      <Filter>Header Files</Filter>
    </ClInclude>
    <ClInclude Include="external\rapidjson\rapidjson.h">
      <Filter>Header Files</Filter>
    </ClInclude>
    <ClInclude Include="external\rapidjson\reader.h">
      <Filter>Header Files</Filter>
    </ClInclude>
    <ClInclude Include="external\rapidjson\schema.h">
      <Filter>Header Files</Filter>
    </ClInclude>
    <ClInclude Include="external\rapidjson\stream.h">
      <Filter>Header Files</Filter>
    </ClInclude>
    <ClInclude Include="external\rapidjson\stringbuffer.h">
      <Filter>Header Files</Filter>
    </ClInclude>
    <ClInclude Include="external\rapidjson\uri.h">
      <Filter>Header Files</Filter>
    </ClInclude>
    <ClInclude Include="external\rapidjson\writer.h">
      <Filter>Header Files</Filter>
    </ClInclude>
  </ItemGroup>
</Project>